// !$*UTF8*$!
{
	archiveVersion = 1;
	classes = {
	};
	objectVersion = 46;
	objects = {

/* Begin PBXBuildFile section */
		C7EB308A1A6B03BD008FC7C7 /* main.m in Sources */ = {isa = PBXBuildFile; fileRef = C7EB30891A6B03BD008FC7C7 /* main.m */; };
		C7EB308D1A6B03BD008FC7C7 /* AppDelegate.m in Sources */ = {isa = PBXBuildFile; fileRef = C7EB308C1A6B03BD008FC7C7 /* AppDelegate.m */; };
		C7EB30901A6B03BD008FC7C7 /* ViewController.m in Sources */ = {isa = PBXBuildFile; fileRef = C7EB308F1A6B03BD008FC7C7 /* ViewController.m */; };
		C7EB30931A6B03BD008FC7C7 /* Main.storyboard in Resources */ = {isa = PBXBuildFile; fileRef = C7EB30911A6B03BD008FC7C7 /* Main.storyboard */; };
		C7EB30951A6B03BD008FC7C7 /* Images.xcassets in Resources */ = {isa = PBXBuildFile; fileRef = C7EB30941A6B03BD008FC7C7 /* Images.xcassets */; };
		C7EB30981A6B03BD008FC7C7 /* LaunchScreen.xib in Resources */ = {isa = PBXBuildFile; fileRef = C7EB30961A6B03BD008FC7C7 /* LaunchScreen.xib */; };
		C7EB30A41A6B03BD008FC7C7 /* TaxCalculatorTests.m in Sources */ = {isa = PBXBuildFile; fileRef = C7EB30A31A6B03BD008FC7C7 /* TaxCalculatorTests.m */; };
/* End PBXBuildFile section */

/* Begin PBXContainerItemProxy section */
		C7EB309E1A6B03BD008FC7C7 /* PBXContainerItemProxy */ = {
			isa = PBXContainerItemProxy;
			containerPortal = C7EB307C1A6B03BD008FC7C7 /* Project object */;
			proxyType = 1;
			remoteGlobalIDString = C7EB30831A6B03BD008FC7C7;
			remoteInfo = TaxCalculator;
		};
/* End PBXContainerItemProxy section */

/* Begin PBXFileReference section */
		C7EB30841A6B03BD008FC7C7 /* TaxCalculator.app */ = {isa = PBXFileReference; explicitFileType = wrapper.application; includeInIndex = 0; path = TaxCalculator.app; sourceTree = BUILT_PRODUCTS_DIR; };
		C7EB30881A6B03BD008FC7C7 /* Info.plist */ = {isa = PBXFileReference; lastKnownFileType = text.plist.xml; path = Info.plist; sourceTree = "<group>"; };
		C7EB30891A6B03BD008FC7C7 /* main.m */ = {isa = PBXFileReference; lastKnownFileType = sourcecode.c.objc; path = main.m; sourceTree = "<group>"; };
		C7EB308B1A6B03BD008FC7C7 /* AppDelegate.h */ = {isa = PBXFileReference; lastKnownFileType = sourcecode.c.h; path = AppDelegate.h; sourceTree = "<group>"; };
		C7EB308C1A6B03BD008FC7C7 /* AppDelegate.m */ = {isa = PBXFileReference; lastKnownFileType = sourcecode.c.objc; path = AppDelegate.m; sourceTree = "<group>"; };
		C7EB308E1A6B03BD008FC7C7 /* ViewController.h */ = {isa = PBXFileReference; lastKnownFileType = sourcecode.c.h; path = ViewController.h; sourceTree = "<group>"; };
		C7EB308F1A6B03BD008FC7C7 /* ViewController.m */ = {isa = PBXFileReference; lastKnownFileType = sourcecode.c.objc; path = ViewController.m; sourceTree = "<group>"; };
		C7EB30921A6B03BD008FC7C7 /* Base */ = {isa = PBXFileReference; lastKnownFileType = file.storyboard; name = Base; path = Base.lproj/Main.storyboard; sourceTree = "<group>"; };
		C7EB30941A6B03BD008FC7C7 /* Images.xcassets */ = {isa = PBXFileReference; lastKnownFileType = folder.assetcatalog; path = Images.xcassets; sourceTree = "<group>"; };
		C7EB30971A6B03BD008FC7C7 /* Base */ = {isa = PBXFileReference; lastKnownFileType = file.xib; name = Base; path = Base.lproj/LaunchScreen.xib; sourceTree = "<group>"; };
		C7EB309D1A6B03BD008FC7C7 /* TaxCalculatorTests.xctest */ = {isa = PBXFileReference; explicitFileType = wrapper.cfbundle; includeInIndex = 0; path = TaxCalculatorTests.xctest; sourceTree = BUILT_PRODUCTS_DIR; };
		C7EB30A21A6B03BD008FC7C7 /* Info.plist */ = {isa = PBXFileReference; lastKnownFileType = text.plist.xml; path = Info.plist; sourceTree = "<group>"; };
		C7EB30A31A6B03BD008FC7C7 /* TaxCalculatorTests.m */ = {isa = PBXFileReference; lastKnownFileType = sourcecode.c.objc; path = TaxCalculatorTests.m; sourceTree = "<group>"; };
/* End PBXFileReference section */

/* Begin PBXFrameworksBuildPhase section */
		C7EB30811A6B03BD008FC7C7 /* Frameworks */ = {
			isa = PBXFrameworksBuildPhase;
			buildActionMask = 2147483647;
			files = (
			);
			runOnlyForDeploymentPostprocessing = 0;
		};
		C7EB309A1A6B03BD008FC7C7 /* Frameworks */ = {
			isa = PBXFrameworksBuildPhase;
			buildActionMask = 2147483647;
			files = (
			);
			runOnlyForDeploymentPostprocessing = 0;
		};
/* End PBXFrameworksBuildPhase section */

/* Begin PBXGroup section */
		C7EB307B1A6B03BD008FC7C7 = {
			isa = PBXGroup;
			children = (
				C7EB30861A6B03BD008FC7C7 /* TaxCalculator */,
				C7EB30A01A6B03BD008FC7C7 /* TaxCalculatorTests */,
				C7EB30851A6B03BD008FC7C7 /* Products */,
			);
			sourceTree = "<group>";
		};
		C7EB30851A6B03BD008FC7C7 /* Products */ = {
			isa = PBXGroup;
			children = (
				C7EB30841A6B03BD008FC7C7 /* TaxCalculator.app */,
				C7EB309D1A6B03BD008FC7C7 /* TaxCalculatorTests.xctest */,
			);
			name = Products;
			sourceTree = "<group>";
		};
		C7EB30861A6B03BD008FC7C7 /* TaxCalculator */ = {
			isa = PBXGroup;
			children = (
				C7EB308B1A6B03BD008FC7C7 /* AppDelegate.h */,
				C7EB308C1A6B03BD008FC7C7 /* AppDelegate.m */,
				C7EB308E1A6B03BD008FC7C7 /* ViewController.h */,
				C7EB308F1A6B03BD008FC7C7 /* ViewController.m */,
				C7EB30911A6B03BD008FC7C7 /* Main.storyboard */,
				C7EB30941A6B03BD008FC7C7 /* Images.xcassets */,
				C7EB30961A6B03BD008FC7C7 /* LaunchScreen.xib */,
				C7EB30871A6B03BD008FC7C7 /* Supporting Files */,
			);
			path = TaxCalculator;
			sourceTree = "<group>";
		};
		C7EB30871A6B03BD008FC7C7 /* Supporting Files */ = {
			isa = PBXGroup;
			children = (
				C7EB30881A6B03BD008FC7C7 /* Info.plist */,
				C7EB30891A6B03BD008FC7C7 /* main.m */,
			);
			name = "Supporting Files";
			sourceTree = "<group>";
		};
		C7EB30A01A6B03BD008FC7C7 /* TaxCalculatorTests */ = {
			isa = PBXGroup;
			children = (
				C7EB30A31A6B03BD008FC7C7 /* TaxCalculatorTests.m */,
				C7EB30A11A6B03BD008FC7C7 /* Supporting Files */,
			);
			path = TaxCalculatorTests;
			sourceTree = "<group>";
		};
		C7EB30A11A6B03BD008FC7C7 /* Supporting Files */ = {
			isa = PBXGroup;
			children = (
				C7EB30A21A6B03BD008FC7C7 /* Info.plist */,
			);
			name = "Supporting Files";
			sourceTree = "<group>";
		};
/* End PBXGroup section */

/* Begin PBXNativeTarget section */
		C7EB30831A6B03BD008FC7C7 /* TaxCalculator */ = {
			isa = PBXNativeTarget;
			buildConfigurationList = C7EB30A71A6B03BD008FC7C7 /* Build configuration list for PBXNativeTarget "TaxCalculator" */;
			buildPhases = (
				C7EB30801A6B03BD008FC7C7 /* Sources */,
				C7EB30811A6B03BD008FC7C7 /* Frameworks */,
				C7EB30821A6B03BD008FC7C7 /* Resources */,
			);
			buildRules = (
			);
			dependencies = (
			);
			name = TaxCalculator;
			productName = TaxCalculator;
			productReference = C7EB30841A6B03BD008FC7C7 /* TaxCalculator.app */;
			productType = "com.apple.product-type.application";
		};
		C7EB309C1A6B03BD008FC7C7 /* TaxCalculatorTests */ = {
			isa = PBXNativeTarget;
			buildConfigurationList = C7EB30AA1A6B03BD008FC7C7 /* Build configuration list for PBXNativeTarget "TaxCalculatorTests" */;
			buildPhases = (
				C7EB30991A6B03BD008FC7C7 /* Sources */,
				C7EB309A1A6B03BD008FC7C7 /* Frameworks */,
				C7EB309B1A6B03BD008FC7C7 /* Resources */,
			);
			buildRules = (
			);
			dependencies = (
				C7EB309F1A6B03BD008FC7C7 /* PBXTargetDependency */,
			);
			name = TaxCalculatorTests;
			productName = TaxCalculatorTests;
			productReference = C7EB309D1A6B03BD008FC7C7 /* TaxCalculatorTests.xctest */;
			productType = "com.apple.product-type.bundle.unit-test";
		};
/* End PBXNativeTarget section */

/* Begin PBXProject section */
		C7EB307C1A6B03BD008FC7C7 /* Project object */ = {
			isa = PBXProject;
			attributes = {
				LastUpgradeCheck = 0610;
				ORGANIZATIONNAME = "Micah Lanier Design and Illustration";
				TargetAttributes = {
					C7EB30831A6B03BD008FC7C7 = {
						CreatedOnToolsVersion = 6.1.1;
					};
					C7EB309C1A6B03BD008FC7C7 = {
						CreatedOnToolsVersion = 6.1.1;
						TestTargetID = C7EB30831A6B03BD008FC7C7;
					};
				};
			};
			buildConfigurationList = C7EB307F1A6B03BD008FC7C7 /* Build configuration list for PBXProject "TaxCalculator" */;
			compatibilityVersion = "Xcode 3.2";
			developmentRegion = English;
			hasScannedForEncodings = 0;
			knownRegions = (
				en,
				Base,
			);
			mainGroup = C7EB307B1A6B03BD008FC7C7;
			productRefGroup = C7EB30851A6B03BD008FC7C7 /* Products */;
			projectDirPath = "";
			projectRoot = "";
			targets = (
				C7EB30831A6B03BD008FC7C7 /* TaxCalculator */,
				C7EB309C1A6B03BD008FC7C7 /* TaxCalculatorTests */,
			);
		};
/* End PBXProject section */

/* Begin PBXResourcesBuildPhase section */
		C7EB30821A6B03BD008FC7C7 /* Resources */ = {
			isa = PBXResourcesBuildPhase;
			buildActionMask = 2147483647;
			files = (
				C7EB30931A6B03BD008FC7C7 /* Main.storyboard in Resources */,
				C7EB30981A6B03BD008FC7C7 /* LaunchScreen.xib in Resources */,
				C7EB30951A6B03BD008FC7C7 /* Images.xcassets in Resources */,
			);
			runOnlyForDeploymentPostprocessing = 0;
		};
		C7EB309B1A6B03BD008FC7C7 /* Resources */ = {
			isa = PBXResourcesBuildPhase;
			buildActionMask = 2147483647;
			files = (
			);
			runOnlyForDeploymentPostprocessing = 0;
		};
/* End PBXResourcesBuildPhase section */

/* Begin PBXSourcesBuildPhase section */
		C7EB30801A6B03BD008FC7C7 /* Sources */ = {
			isa = PBXSourcesBuildPhase;
			buildActionMask = 2147483647;
			files = (
				C7EB30901A6B03BD008FC7C7 /* ViewController.m in Sources */,
				C7EB308D1A6B03BD008FC7C7 /* AppDelegate.m in Sources */,
				C7EB308A1A6B03BD008FC7C7 /* main.m in Sources */,
			);
			runOnlyForDeploymentPostprocessing = 0;
		};
		C7EB30991A6B03BD008FC7C7 /* Sources */ = {
			isa = PBXSourcesBuildPhase;
			buildActionMask = 2147483647;
			files = (
				C7EB30A41A6B03BD008FC7C7 /* TaxCalculatorTests.m in Sources */,
			);
			runOnlyForDeploymentPostprocessing = 0;
		};
/* End PBXSourcesBuildPhase section */

/* Begin PBXTargetDependency section */
		C7EB309F1A6B03BD008FC7C7 /* PBXTargetDependency */ = {
			isa = PBXTargetDependency;
			target = C7EB30831A6B03BD008FC7C7 /* TaxCalculator */;
			targetProxy = C7EB309E1A6B03BD008FC7C7 /* PBXContainerItemProxy */;
		};
/* End PBXTargetDependency section */

/* Begin PBXVariantGroup section */
		C7EB30911A6B03BD008FC7C7 /* Main.storyboard */ = {
			isa = PBXVariantGroup;
			children = (
				C7EB30921A6B03BD008FC7C7 /* Base */,
			);
			name = Main.storyboard;
			sourceTree = "<group>";
		};
		C7EB30961A6B03BD008FC7C7 /* LaunchScreen.xib */ = {
			isa = PBXVariantGroup;
			children = (
				C7EB30971A6B03BD008FC7C7 /* Base */,
			);
			name = LaunchScreen.xib;
			sourceTree = "<group>";
		};
/* End PBXVariantGroup section */

/* Begin XCBuildConfiguration section */
		C7EB30A51A6B03BD008FC7C7 /* Debug */ = {
			isa = XCBuildConfiguration;
			buildSettings = {
				ALWAYS_SEARCH_USER_PATHS = NO;
				CLANG_CXX_LANGUAGE_STANDARD = "gnu++0x";
				CLANG_CXX_LIBRARY = "libc++";
				CLANG_ENABLE_MODULES = YES;
				CLANG_ENABLE_OBJC_ARC = YES;
				CLANG_WARN_BOOL_CONVERSION = YES;
				CLANG_WARN_CONSTANT_CONVERSION = YES;
				CLANG_WARN_DIRECT_OBJC_ISA_USAGE = YES_ERROR;
				CLANG_WARN_EMPTY_BODY = YES;
				CLANG_WARN_ENUM_CONVERSION = YES;
				CLANG_WARN_INT_CONVERSION = YES;
				CLANG_WARN_OBJC_ROOT_CLASS = YES_ERROR;
				CLANG_WARN_UNREACHABLE_CODE = YES;
				CLANG_WARN__DUPLICATE_METHOD_MATCH = YES;
				"CODE_SIGN_IDENTITY[sdk=iphoneos*]" = "iPhone Developer";
				COPY_PHASE_STRIP = NO;
				ENABLE_STRICT_OBJC_MSGSEND = YES;
				GCC_C_LANGUAGE_STANDARD = gnu99;
				GCC_DYNAMIC_NO_PIC = NO;
				GCC_OPTIMIZATION_LEVEL = 0;
				GCC_PREPROCESSOR_DEFINITIONS = (
					"DEBUG=1",
					"$(inherited)",
				);
				GCC_SYMBOLS_PRIVATE_EXTERN = NO;
				GCC_WARN_64_TO_32_BIT_CONVERSION = YES;
				GCC_WARN_ABOUT_RETURN_TYPE = YES_ERROR;
				GCC_WARN_UNDECLARED_SELECTOR = YES;
				GCC_WARN_UNINITIALIZED_AUTOS = YES_AGGRESSIVE;
				GCC_WARN_UNUSED_FUNCTION = YES;
				GCC_WARN_UNUSED_VARIABLE = YES;
				IPHONEOS_DEPLOYMENT_TARGET = 8.1;
				MTL_ENABLE_DEBUG_INFO = YES;
				ONLY_ACTIVE_ARCH = YES;
				SDKROOT = iphoneos;
			};
			name = Debug;
		};
		C7EB30A61A6B03BD008FC7C7 /* Release */ = {
			isa = XCBuildConfiguration;
			buildSettings = {
				ALWAYS_SEARCH_USER_PATHS = NO;
				CLANG_CXX_LANGUAGE_STANDARD = "gnu++0x";
				CLANG_CXX_LIBRARY = "libc++";
				CLANG_ENABLE_MODULES = YES;
				CLANG_ENABLE_OBJC_ARC = YES;
				CLANG_WARN_BOOL_CONVERSION = YES;
				CLANG_WARN_CONSTANT_CONVERSION = YES;
				CLANG_WARN_DIRECT_OBJC_ISA_USAGE = YES_ERROR;
				CLANG_WARN_EMPTY_BODY = YES;
				CLANG_WARN_ENUM_CONVERSION = YES;
				CLANG_WARN_INT_CONVERSION = YES;
				CLANG_WARN_OBJC_ROOT_CLASS = YES_ERROR;
				CLANG_WARN_UNREACHABLE_CODE = YES;
				CLANG_WARN__DUPLICATE_METHOD_MATCH = YES;
				"CODE_SIGN_IDENTITY[sdk=iphoneos*]" = "iPhone Developer";
				COPY_PHASE_STRIP = YES;
				ENABLE_NS_ASSERTIONS = NO;
				ENABLE_STRICT_OBJC_MSGSEND = YES;
				GCC_C_LANGUAGE_STANDARD = gnu99;
				GCC_WARN_64_TO_32_BIT_CONVERSION = YES;
				GCC_WARN_ABOUT_RETURN_TYPE = YES_ERROR;
				GCC_WARN_UNDECLARED_SELECTOR = YES;
				GCC_WARN_UNINITIALIZED_AUTOS = YES_AGGRESSIVE;
				GCC_WARN_UNUSED_FUNCTION = YES;
				GCC_WARN_UNUSED_VARIABLE = YES;
				IPHONEOS_DEPLOYMENT_TARGET = 8.1;
				MTL_ENABLE_DEBUG_INFO = NO;
				SDKROOT = iphoneos;
				VALIDATE_PRODUCT = YES;
			};
			name = Release;
		};
		C7EB30A81A6B03BD008FC7C7 /* Debug */ = {
			isa = XCBuildConfiguration;
			buildSettings = {
				ASSETCATALOG_COMPILER_APPICON_NAME = AppIcon;
				INFOPLIST_FILE = TaxCalculator/Info.plist;
				LD_RUNPATH_SEARCH_PATHS = "$(inherited) @executable_path/Frameworks";
				PRODUCT_NAME = "$(TARGET_NAME)";
			};
			name = Debug;
		};
		C7EB30A91A6B03BD008FC7C7 /* Release */ = {
			isa = XCBuildConfiguration;
			buildSettings = {
				ASSETCATALOG_COMPILER_APPICON_NAME = AppIcon;
				INFOPLIST_FILE = TaxCalculator/Info.plist;
				LD_RUNPATH_SEARCH_PATHS = "$(inherited) @executable_path/Frameworks";
				PRODUCT_NAME = "$(TARGET_NAME)";
			};
			name = Release;
		};
		C7EB30AB1A6B03BD008FC7C7 /* Debug */ = {
			isa = XCBuildConfiguration;
			buildSettings = {
				BUNDLE_LOADER = "$(TEST_HOST)";
				FRAMEWORK_SEARCH_PATHS = (
					"$(SDKROOT)/Developer/Library/Frameworks",
					"$(inherited)",
				);
				GCC_PREPROCESSOR_DEFINITIONS = (
					"DEBUG=1",
					"$(inherited)",
				);
				INFOPLIST_FILE = TaxCalculatorTests/Info.plist;
				LD_RUNPATH_SEARCH_PATHS = "$(inherited) @executable_path/Frameworks @loader_path/Frameworks";
				PRODUCT_NAME = "$(TARGET_NAME)";
				TEST_HOST = "$(BUILT_PRODUCTS_DIR)/TaxCalculator.app/TaxCalculator";
			};
			name = Debug;
		};
		C7EB30AC1A6B03BD008FC7C7 /* Release */ = {
			isa = XCBuildConfiguration;
			buildSettings = {
				BUNDLE_LOADER = "$(TEST_HOST)";
				FRAMEWORK_SEARCH_PATHS = (
					"$(SDKROOT)/Developer/Library/Frameworks",
					"$(inherited)",
				);
				INFOPLIST_FILE = TaxCalculatorTests/Info.plist;
				LD_RUNPATH_SEARCH_PATHS = "$(inherited) @executable_path/Frameworks @loader_path/Frameworks";
				PRODUCT_NAME = "$(TARGET_NAME)";
				TEST_HOST = "$(BUILT_PRODUCTS_DIR)/TaxCalculator.app/TaxCalculator";
			};
			name = Release;
		};
/* End XCBuildConfiguration section */

/* Begin XCConfigurationList section */
		C7EB307F1A6B03BD008FC7C7 /* Build configuration list for PBXProject "TaxCalculator" */ = {
			isa = XCConfigurationList;
			buildConfigurations = (
				C7EB30A51A6B03BD008FC7C7 /* Debug */,
				C7EB30A61A6B03BD008FC7C7 /* Release */,
			);
			defaultConfigurationIsVisible = 0;
			defaultConfigurationName = Release;
		};
		C7EB30A71A6B03BD008FC7C7 /* Build configuration list for PBXNativeTarget "TaxCalculator" */ = {
			isa = XCConfigurationList;
			buildConfigurations = (
				C7EB30A81A6B03BD008FC7C7 /* Debug */,
				C7EB30A91A6B03BD008FC7C7 /* Release */,
			);
			defaultConfigurationIsVisible = 0;
		};
		C7EB30AA1A6B03BD008FC7C7 /* Build configuration list for PBXNativeTarget "TaxCalculatorTests" */ = {
			isa = XCConfigurationList;
			buildConfigurations = (
				C7EB30AB1A6B03BD008FC7C7 /* Debug */,
				C7EB30AC1A6B03BD008FC7C7 /* Release */,
			);
			defaultConfigurationIsVisible = 0;
		};
/* End XCConfigurationList section */
	};
	rootObject = C7EB307C1A6B03BD008FC7C7 /* Project object */;
}
